
Microsoft Visual Studio Solution File, Format Version 12.00
# Visual Studio Version 17
VisualStudioVersion = 17.2.32526.322
MinimumVisualStudioVersion = 10.0.40219.1
Project("{2150E333-8FDC-42A3-9474-1A3956D46DE8}") = "test", "test", "{CC857892-7EB8-419F-9F19-A08ECF867B24}"
EndProject
Project("{2150E333-8FDC-42A3-9474-1A3956D46DE8}") = "src", "src", "{F656AC3D-959C-4901-9C87-3D810D9C4C75}"
EndProject
Project("{2150E333-8FDC-42A3-9474-1A3956D46DE8}") = "sample", "sample", "{48BAE288-1DE1-4C1A-BDA4-F8298E3CA94A}"
EndProject
Project("{2150E333-8FDC-42A3-9474-1A3956D46DE8}") = "Solution Items", "Solution Items", "{4C84AB92-1EBE-4C20-A680-465B8A30B5EC}"
	ProjectSection(SolutionItems) = preProject
		README.md = README.md
	EndProjectSection
EndProject
Project("{9A19103F-16F7-4668-BE54-9A1E7A4F7556}") = "Logging.Net.Core", "src\Logging.Net.Core\Logging.Net.Core.csproj", "{E83435DF-A558-4991-9FE0-E09F82EEBAF7}"
EndProject
Project("{9A19103F-16F7-4668-BE54-9A1E7A4F7556}") = "Logging.Net.Console", "src\Logging.Net.Console\Logging.Net.Console.csproj", "{F7A7D394-4611-4C58-A1CA-7CBA3697E040}"
EndProject
Project("{9A19103F-16F7-4668-BE54-9A1E7A4F7556}") = "ServiceLoggingSample", "sample\ServiceLoggingSample\ServiceLoggingSample.csproj", "{1F456509-69C0-48CA-AF85-ADCA5234AFDE}"
EndProject
Project("{FAE04EC0-301F-11D3-BF4B-00C04F79EFBC}") = "Logging.Net.File", "src\Logging.Net.File\Logging.Net.File.csproj", "{89B0693E-91C0-48F6-BB7F-0B4B1EB4CB98}"
EndProject
Global
	GlobalSection(SolutionConfigurationPlatforms) = preSolution
		Debug|Any CPU = Debug|Any CPU
		Release|Any CPU = Release|Any CPU
	EndGlobalSection
	GlobalSection(ProjectConfigurationPlatforms) = postSolution
		{E83435DF-A558-4991-9FE0-E09F82EEBAF7}.Debug|Any CPU.ActiveCfg = Debug|Any CPU
		{E83435DF-A558-4991-9FE0-E09F82EEBAF7}.Debug|Any CPU.Build.0 = Debug|Any CPU
		{E83435DF-A558-4991-9FE0-E09F82EEBAF7}.Release|Any CPU.ActiveCfg = Release|Any CPU
		{E83435DF-A558-4991-9FE0-E09F82EEBAF7}.Release|Any CPU.Build.0 = Release|Any CPU
		{F7A7D394-4611-4C58-A1CA-7CBA3697E040}.Debug|Any CPU.ActiveCfg = Debug|Any CPU
		{F7A7D394-4611-4C58-A1CA-7CBA3697E040}.Debug|Any CPU.Build.0 = Debug|Any CPU
		{F7A7D394-4611-4C58-A1CA-7CBA3697E040}.Release|Any CPU.ActiveCfg = Release|Any CPU
		{F7A7D394-4611-4C58-A1CA-7CBA3697E040}.Release|Any CPU.Build.0 = Release|Any CPU
		{1F456509-69C0-48CA-AF85-ADCA5234AFDE}.Debug|Any CPU.ActiveCfg = Debug|Any CPU
		{1F456509-69C0-48CA-AF85-ADCA5234AFDE}.Debug|Any CPU.Build.0 = Debug|Any CPU
		{1F456509-69C0-48CA-AF85-ADCA5234AFDE}.Release|Any CPU.ActiveCfg = Release|Any CPU
		{1F456509-69C0-48CA-AF85-ADCA5234AFDE}.Release|Any CPU.Build.0 = Release|Any CPU
		{89B0693E-91C0-48F6-BB7F-0B4B1EB4CB98}.Debug|Any CPU.ActiveCfg = Debug|Any CPU
		{89B0693E-91C0-48F6-BB7F-0B4B1EB4CB98}.Debug|Any CPU.Build.0 = Debug|Any CPU
		{89B0693E-91C0-48F6-BB7F-0B4B1EB4CB98}.Release|Any CPU.ActiveCfg = Release|Any CPU
		{89B0693E-91C0-48F6-BB7F-0B4B1EB4CB98}.Release|Any CPU.Build.0 = Release|Any CPU
	EndGlobalSection
	GlobalSection(SolutionProperties) = preSolution
		HideSolutionNode = FALSE
	EndGlobalSection
	GlobalSection(NestedProjects) = preSolution
		{E83435DF-A558-4991-9FE0-E09F82EEBAF7} = {F656AC3D-959C-4901-9C87-3D810D9C4C75}
		{F7A7D394-4611-4C58-A1CA-7CBA3697E040} = {F656AC3D-959C-4901-9C87-3D810D9C4C75}
		{1F456509-69C0-48CA-AF85-ADCA5234AFDE} = {48BAE288-1DE1-4C1A-BDA4-F8298E3CA94A}
		{89B0693E-91C0-48F6-BB7F-0B4B1EB4CB98} = {F656AC3D-959C-4901-9C87-3D810D9C4C75}
	EndGlobalSection
	GlobalSection(ExtensibilityGlobals) = postSolution
		SolutionGuid = {CC7889D9-FC8C-4A21-B429-97EDFE0E6605}
	EndGlobalSection
EndGlobal
